
Microsoft Visual Studio Solution File, Format Version 12.00
# Visual Studio Version 16
VisualStudioVersion = 16.0.29102.190
MinimumVisualStudioVersion = 10.0.40219.1
Project("{9A19103F-16F7-4668-BE54-9A1E7A4F7556}") = "KubeMQ.SDK.csharp", "KubeMQ.SDK.csharp\KubeMQ.SDK.csharp.csproj", "{30088889-86B9-42C6-9C24-7CB9182D21B5}"
EndProject
Project("{2150E333-8FDC-42A3-9474-1A3956D46DE8}") = "Examples", "Examples", "{2CA36379-35F8-4229-9924-BFB8201362D1}"
EndProject
Project("{9A19103F-16F7-4668-BE54-9A1E7A4F7556}") = "CommonExample", "Examples\CommonExample\CommonExample.csproj", "{ABAE828D-C023-4220-B1E6-A2B37F0F9A7D}"
EndProject
Project("{9A19103F-16F7-4668-BE54-9A1E7A4F7556}") = "EventChannel", "Examples\EventChannel\EventChannel.csproj", "{5D3A3491-1588-4701-BEA8-6F6E3CC704D0}"
EndProject
Project("{9A19103F-16F7-4668-BE54-9A1E7A4F7556}") = "EventSender", "Examples\EventSender\EventSender.csproj", "{A6F4A71F-27CF-4B80-8945-CC2752B774D4}"
EndProject
Project("{9A19103F-16F7-4668-BE54-9A1E7A4F7556}") = "EventSubscriber", "Examples\EventSubscriber\EventSubscriber.csproj", "{543FADC3-0434-4946-9EBB-471057CA3164}"
EndProject
Project("{9A19103F-16F7-4668-BE54-9A1E7A4F7556}") = "CommandQueryChannel", "Examples\CommandQueryChannel\CommandQueryChannel.csproj", "{651D6772-150D-4116-B99F-56751D40461F}"
EndProject
Project("{9A19103F-16F7-4668-BE54-9A1E7A4F7556}") = "CommandQueryInitiator", "Examples\CommandQueryInitiator\CommandQueryInitiator.csproj", "{54AF60B9-7AD8-4459-9720-45493AF90A94}"
EndProject
Project("{9A19103F-16F7-4668-BE54-9A1E7A4F7556}") = "CommandQueryResponder", "Examples\CommandQueryResponder\CommandQueryResponder.csproj", "{1C0C7CF2-9C68-487E-A4DA-C286AC697920}"
EndProject
Project("{2150E333-8FDC-42A3-9474-1A3956D46DE8}") = "Solution Items", "Solution Items", "{FD9C9B74-69E9-4E8F-875C-02F9A15D7568}"
	ProjectSection(SolutionItems) = preProject
		KubeMQ.SDK.csharp\bin\Release\KubeMQ.SDK.csharp.1.0.8.nupkg = KubeMQ.SDK.csharp\bin\Release\KubeMQ.SDK.csharp.1.0.8.nupkg
	EndProjectSection
EndProject
Project("{9A19103F-16F7-4668-BE54-9A1E7A4F7556}") = "Queue", "Examples\Queue\Queue.csproj", "{0F2A32CE-25AC-4691-8720-DB055CCA7B12}"
EndProject
Project("{9A19103F-16F7-4668-BE54-9A1E7A4F7556}") = "Queue_test", "Tests\Queue_test\Queue_test.csproj", "{406490F0-7053-4F81-B003-C2D54192F54E}"
EndProject
Project("{9A19103F-16F7-4668-BE54-9A1E7A4F7556}") = "QueueLongPolling", "Examples\QueueLongPooling\QueueLongPolling.csproj", "{C6C1B3AB-C7EA-46A1-B522-7594645AEE45}"
EndProject
Project("{9A19103F-16F7-4668-BE54-9A1E7A4F7556}") = "QueueSender", "Examples\QueueSimpleSender\QueueSender.csproj", "{980797B1-DC9B-44CD-9008-B23A5FACE39B}"
EndProject
Project("{2150E333-8FDC-42A3-9474-1A3956D46DE8}") = "Get_Started", "Get_Started", "{4E345794-B800-44B1-8B50-0BB3D067FB3B}"
EndProject
Project("{9A19103F-16F7-4668-BE54-9A1E7A4F7556}") = "Queue_Send_a_Message", "Get_Started\Queue_Send_a_Message\Queue_Send_a_Message.csproj", "{5D3BC1C6-B54C-43F1-BB6A-40C2F145FA3C}"
EndProject
Project("{9A19103F-16F7-4668-BE54-9A1E7A4F7556}") = "Queue_Receive_a_Message", "Get_Started\Queue_Receive_a_Message\Queue_Receive_a_Message.csproj", "{5D194667-DC7D-48E9-8D26-D6E9DA719C4E}"
EndProject
Project("{9A19103F-16F7-4668-BE54-9A1E7A4F7556}") = "PubSub_Subscribe_to_a_Channel", "Get_Started\PubSub_Subscribe_to_a_Channel\PubSub_Subscribe_to_a_Channel.csproj", "{ED072A12-281D-48A9-8848-C4ACD5D216CC}"
EndProject
Project("{9A19103F-16F7-4668-BE54-9A1E7A4F7556}") = "PubSub_Publish_to_a_Channel", "Get_Started\PubSub_Publish_to_a_Channel\PubSub_Publish_to_a_Channel.csproj", "{348BB336-877E-4484-BF8B-13AAE671C238}"
EndProject
Project("{9A19103F-16F7-4668-BE54-9A1E7A4F7556}") = "RPC_Subscribe_to_a_Channel", "Get_Started\RPC_Subscribe_to_a_Channel\RPC_Subscribe_to_a_Channel.csproj", "{4912AB12-0DA1-4CD6-9DE6-F05EB874E58D}"
EndProject
Project("{9A19103F-16F7-4668-BE54-9A1E7A4F7556}") = "RPC_Send_a_Command_Channel", "Get_Started\RPC_Send_a_Command_Channel\RPC_Send_a_Command_Channel.csproj", "{0C862163-1470-4B10-8F67-F25FB2150A18}"
EndProject
Project("{2150E333-8FDC-42A3-9474-1A3956D46DE8}") = "SiteDocUseCases", "SiteDocUseCases", "{9AAA9AB2-D398-4E49-AD4F-FD83BD3659CB}"
EndProject
Project("{9A19103F-16F7-4668-BE54-9A1E7A4F7556}") = "SiteDocUseCases", "SiteDocUseCases\SiteDocUseCases.csproj", "{650D8CFB-0F03-4B03-8C33-1FB1F4718BB8}"
EndProject
Project("{2150E333-8FDC-42A3-9474-1A3956D46DE8}") = "Tests", "Tests", "{5802EAA7-DA20-4075-85F9-64CD8F96EF8D}"
EndProject
Project("{FAE04EC0-301F-11D3-BF4B-00C04F79EFBC}") = "KubeMQ", "KubeMQ\KubeMQ.csproj", "{2F5B39D9-522E-4D45-A922-A8B14A9AF236}"
EndProject
Project("{FAE04EC0-301F-11D3-BF4B-00C04F79EFBC}") = "single", "Tests\pubsub\events\single\single.csproj", "{AEE4B22B-3E5B-4356-9BA1-058913051EB0}"
EndProject
Project("{FAE04EC0-301F-11D3-BF4B-00C04F79EFBC}") = "multisubscribers", "Tests\pubsub\events\multisubscribers\multisubscribers.csproj", "{7E189FFB-A924-449F-AF08-F59748849D00}"
EndProject
Project("{FAE04EC0-301F-11D3-BF4B-00C04F79EFBC}") = "poll", "Tests\poll\poll.csproj", "{DAA11781-F8BA-413E-A064-CD9FBD3374B7}"
EndProject
Project("{FAE04EC0-301F-11D3-BF4B-00C04F79EFBC}") = "queue_stream", "Tests\queue_stream\queue_stream.csproj", "{082A7794-6BDA-4453-BAC1-145EA1556598}"
EndProject
Project("{FAE04EC0-301F-11D3-BF4B-00C04F79EFBC}") = "queue-stream-unit-test", "Tests\queue-stream-unit-test\queue-stream-unit-test.csproj", "{B1528E40-DB6B-4E16-8F6C-C9367A2694C3}"
EndProject
Project("{FAE04EC0-301F-11D3-BF4B-00C04F79EFBC}") = "Events", "Examples\PubSub\Events\Events\Events.csproj", "{46BF1B40-1F0A-4D0E-AB92-3E8CE1418F1A}"
EndProject
Project("{FAE04EC0-301F-11D3-BF4B-00C04F79EFBC}") = "EventsStore", "Examples\PubSub\EventsStore\EventsStore\EventsStore.csproj", "{A902BBC2-0EC9-4727-BAF3-06346E3626F6}"
EndProject
Global
	GlobalSection(SolutionConfigurationPlatforms) = preSolution
		Debug|Any CPU = Debug|Any CPU
		Release|Any CPU = Release|Any CPU
	EndGlobalSection
	GlobalSection(ProjectConfigurationPlatforms) = postSolution
		{30088889-86B9-42C6-9C24-7CB9182D21B5}.Debug|Any CPU.ActiveCfg = Debug|Any CPU
		{30088889-86B9-42C6-9C24-7CB9182D21B5}.Debug|Any CPU.Build.0 = Debug|Any CPU
		{30088889-86B9-42C6-9C24-7CB9182D21B5}.Release|Any CPU.ActiveCfg = Release|Any CPU
		{30088889-86B9-42C6-9C24-7CB9182D21B5}.Release|Any CPU.Build.0 = Release|Any CPU
		{ABAE828D-C023-4220-B1E6-A2B37F0F9A7D}.Debug|Any CPU.ActiveCfg = Debug|Any CPU
		{ABAE828D-C023-4220-B1E6-A2B37F0F9A7D}.Debug|Any CPU.Build.0 = Debug|Any CPU
		{ABAE828D-C023-4220-B1E6-A2B37F0F9A7D}.Release|Any CPU.ActiveCfg = Release|Any CPU
		{ABAE828D-C023-4220-B1E6-A2B37F0F9A7D}.Release|Any CPU.Build.0 = Release|Any CPU
		{5D3A3491-1588-4701-BEA8-6F6E3CC704D0}.Debug|Any CPU.ActiveCfg = Debug|Any CPU
		{5D3A3491-1588-4701-BEA8-6F6E3CC704D0}.Debug|Any CPU.Build.0 = Debug|Any CPU
		{5D3A3491-1588-4701-BEA8-6F6E3CC704D0}.Release|Any CPU.ActiveCfg = Release|Any CPU
		{5D3A3491-1588-4701-BEA8-6F6E3CC704D0}.Release|Any CPU.Build.0 = Release|Any CPU
		{A6F4A71F-27CF-4B80-8945-CC2752B774D4}.Debug|Any CPU.ActiveCfg = Debug|Any CPU
		{A6F4A71F-27CF-4B80-8945-CC2752B774D4}.Debug|Any CPU.Build.0 = Debug|Any CPU
		{A6F4A71F-27CF-4B80-8945-CC2752B774D4}.Release|Any CPU.ActiveCfg = Release|Any CPU
		{A6F4A71F-27CF-4B80-8945-CC2752B774D4}.Release|Any CPU.Build.0 = Release|Any CPU
		{543FADC3-0434-4946-9EBB-471057CA3164}.Debug|Any CPU.ActiveCfg = Debug|Any CPU
		{543FADC3-0434-4946-9EBB-471057CA3164}.Debug|Any CPU.Build.0 = Debug|Any CPU
		{543FADC3-0434-4946-9EBB-471057CA3164}.Release|Any CPU.ActiveCfg = Release|Any CPU
		{543FADC3-0434-4946-9EBB-471057CA3164}.Release|Any CPU.Build.0 = Release|Any CPU
		{651D6772-150D-4116-B99F-56751D40461F}.Debug|Any CPU.ActiveCfg = Debug|Any CPU
		{651D6772-150D-4116-B99F-56751D40461F}.Debug|Any CPU.Build.0 = Debug|Any CPU
		{651D6772-150D-4116-B99F-56751D40461F}.Release|Any CPU.ActiveCfg = Release|Any CPU
		{651D6772-150D-4116-B99F-56751D40461F}.Release|Any CPU.Build.0 = Release|Any CPU
		{54AF60B9-7AD8-4459-9720-45493AF90A94}.Debug|Any CPU.ActiveCfg = Debug|Any CPU
		{54AF60B9-7AD8-4459-9720-45493AF90A94}.Debug|Any CPU.Build.0 = Debug|Any CPU
		{54AF60B9-7AD8-4459-9720-45493AF90A94}.Release|Any CPU.ActiveCfg = Release|Any CPU
		{54AF60B9-7AD8-4459-9720-45493AF90A94}.Release|Any CPU.Build.0 = Release|Any CPU
		{1C0C7CF2-9C68-487E-A4DA-C286AC697920}.Debug|Any CPU.ActiveCfg = Debug|Any CPU
		{1C0C7CF2-9C68-487E-A4DA-C286AC697920}.Debug|Any CPU.Build.0 = Debug|Any CPU
		{1C0C7CF2-9C68-487E-A4DA-C286AC697920}.Release|Any CPU.ActiveCfg = Release|Any CPU
		{1C0C7CF2-9C68-487E-A4DA-C286AC697920}.Release|Any CPU.Build.0 = Release|Any CPU
		{0F2A32CE-25AC-4691-8720-DB055CCA7B12}.Debug|Any CPU.ActiveCfg = Debug|Any CPU
		{0F2A32CE-25AC-4691-8720-DB055CCA7B12}.Debug|Any CPU.Build.0 = Debug|Any CPU
		{0F2A32CE-25AC-4691-8720-DB055CCA7B12}.Release|Any CPU.ActiveCfg = Release|Any CPU
		{0F2A32CE-25AC-4691-8720-DB055CCA7B12}.Release|Any CPU.Build.0 = Release|Any CPU
		{406490F0-7053-4F81-B003-C2D54192F54E}.Debug|Any CPU.ActiveCfg = Debug|Any CPU
		{406490F0-7053-4F81-B003-C2D54192F54E}.Debug|Any CPU.Build.0 = Debug|Any CPU
		{406490F0-7053-4F81-B003-C2D54192F54E}.Release|Any CPU.ActiveCfg = Release|Any CPU
		{406490F0-7053-4F81-B003-C2D54192F54E}.Release|Any CPU.Build.0 = Release|Any CPU
		{C6C1B3AB-C7EA-46A1-B522-7594645AEE45}.Debug|Any CPU.ActiveCfg = Debug|Any CPU
		{C6C1B3AB-C7EA-46A1-B522-7594645AEE45}.Debug|Any CPU.Build.0 = Debug|Any CPU
		{C6C1B3AB-C7EA-46A1-B522-7594645AEE45}.Release|Any CPU.ActiveCfg = Release|Any CPU
		{C6C1B3AB-C7EA-46A1-B522-7594645AEE45}.Release|Any CPU.Build.0 = Release|Any CPU
		{980797B1-DC9B-44CD-9008-B23A5FACE39B}.Debug|Any CPU.ActiveCfg = Debug|Any CPU
		{980797B1-DC9B-44CD-9008-B23A5FACE39B}.Debug|Any CPU.Build.0 = Debug|Any CPU
		{980797B1-DC9B-44CD-9008-B23A5FACE39B}.Release|Any CPU.ActiveCfg = Release|Any CPU
		{980797B1-DC9B-44CD-9008-B23A5FACE39B}.Release|Any CPU.Build.0 = Release|Any CPU
		{5D3BC1C6-B54C-43F1-BB6A-40C2F145FA3C}.Debug|Any CPU.ActiveCfg = Debug|Any CPU
		{5D3BC1C6-B54C-43F1-BB6A-40C2F145FA3C}.Debug|Any CPU.Build.0 = Debug|Any CPU
		{5D3BC1C6-B54C-43F1-BB6A-40C2F145FA3C}.Release|Any CPU.ActiveCfg = Release|Any CPU
		{5D3BC1C6-B54C-43F1-BB6A-40C2F145FA3C}.Release|Any CPU.Build.0 = Release|Any CPU
		{5D194667-DC7D-48E9-8D26-D6E9DA719C4E}.Debug|Any CPU.ActiveCfg = Debug|Any CPU
		{5D194667-DC7D-48E9-8D26-D6E9DA719C4E}.Debug|Any CPU.Build.0 = Debug|Any CPU
		{5D194667-DC7D-48E9-8D26-D6E9DA719C4E}.Release|Any CPU.ActiveCfg = Release|Any CPU
		{5D194667-DC7D-48E9-8D26-D6E9DA719C4E}.Release|Any CPU.Build.0 = Release|Any CPU
		{ED072A12-281D-48A9-8848-C4ACD5D216CC}.Debug|Any CPU.ActiveCfg = Debug|Any CPU
		{ED072A12-281D-48A9-8848-C4ACD5D216CC}.Debug|Any CPU.Build.0 = Debug|Any CPU
		{ED072A12-281D-48A9-8848-C4ACD5D216CC}.Release|Any CPU.ActiveCfg = Release|Any CPU
		{ED072A12-281D-48A9-8848-C4ACD5D216CC}.Release|Any CPU.Build.0 = Release|Any CPU
		{348BB336-877E-4484-BF8B-13AAE671C238}.Debug|Any CPU.ActiveCfg = Debug|Any CPU
		{348BB336-877E-4484-BF8B-13AAE671C238}.Debug|Any CPU.Build.0 = Debug|Any CPU
		{348BB336-877E-4484-BF8B-13AAE671C238}.Release|Any CPU.ActiveCfg = Release|Any CPU
		{348BB336-877E-4484-BF8B-13AAE671C238}.Release|Any CPU.Build.0 = Release|Any CPU
		{4912AB12-0DA1-4CD6-9DE6-F05EB874E58D}.Debug|Any CPU.ActiveCfg = Debug|Any CPU
		{4912AB12-0DA1-4CD6-9DE6-F05EB874E58D}.Debug|Any CPU.Build.0 = Debug|Any CPU
		{4912AB12-0DA1-4CD6-9DE6-F05EB874E58D}.Release|Any CPU.ActiveCfg = Release|Any CPU
		{4912AB12-0DA1-4CD6-9DE6-F05EB874E58D}.Release|Any CPU.Build.0 = Release|Any CPU
		{0C862163-1470-4B10-8F67-F25FB2150A18}.Debug|Any CPU.ActiveCfg = Debug|Any CPU
		{0C862163-1470-4B10-8F67-F25FB2150A18}.Debug|Any CPU.Build.0 = Debug|Any CPU
		{0C862163-1470-4B10-8F67-F25FB2150A18}.Release|Any CPU.ActiveCfg = Release|Any CPU
		{0C862163-1470-4B10-8F67-F25FB2150A18}.Release|Any CPU.Build.0 = Release|Any CPU
		{650D8CFB-0F03-4B03-8C33-1FB1F4718BB8}.Debug|Any CPU.ActiveCfg = Debug|Any CPU
		{650D8CFB-0F03-4B03-8C33-1FB1F4718BB8}.Debug|Any CPU.Build.0 = Debug|Any CPU
		{650D8CFB-0F03-4B03-8C33-1FB1F4718BB8}.Release|Any CPU.ActiveCfg = Release|Any CPU
		{650D8CFB-0F03-4B03-8C33-1FB1F4718BB8}.Release|Any CPU.Build.0 = Release|Any CPU
		{2F5B39D9-522E-4D45-A922-A8B14A9AF236}.Debug|Any CPU.ActiveCfg = Debug|Any CPU
		{2F5B39D9-522E-4D45-A922-A8B14A9AF236}.Debug|Any CPU.Build.0 = Debug|Any CPU
		{2F5B39D9-522E-4D45-A922-A8B14A9AF236}.Release|Any CPU.ActiveCfg = Release|Any CPU
		{2F5B39D9-522E-4D45-A922-A8B14A9AF236}.Release|Any CPU.Build.0 = Release|Any CPU
		{AEE4B22B-3E5B-4356-9BA1-058913051EB0}.Debug|Any CPU.ActiveCfg = Debug|Any CPU
		{AEE4B22B-3E5B-4356-9BA1-058913051EB0}.Debug|Any CPU.Build.0 = Debug|Any CPU
		{AEE4B22B-3E5B-4356-9BA1-058913051EB0}.Release|Any CPU.ActiveCfg = Release|Any CPU
		{AEE4B22B-3E5B-4356-9BA1-058913051EB0}.Release|Any CPU.Build.0 = Release|Any CPU
		{7E189FFB-A924-449F-AF08-F59748849D00}.Debug|Any CPU.ActiveCfg = Debug|Any CPU
		{7E189FFB-A924-449F-AF08-F59748849D00}.Debug|Any CPU.Build.0 = Debug|Any CPU
		{7E189FFB-A924-449F-AF08-F59748849D00}.Release|Any CPU.ActiveCfg = Release|Any CPU
		{7E189FFB-A924-449F-AF08-F59748849D00}.Release|Any CPU.Build.0 = Release|Any CPU
		{DAA11781-F8BA-413E-A064-CD9FBD3374B7}.Debug|Any CPU.ActiveCfg = Debug|Any CPU
		{DAA11781-F8BA-413E-A064-CD9FBD3374B7}.Debug|Any CPU.Build.0 = Debug|Any CPU
		{DAA11781-F8BA-413E-A064-CD9FBD3374B7}.Release|Any CPU.ActiveCfg = Release|Any CPU
		{DAA11781-F8BA-413E-A064-CD9FBD3374B7}.Release|Any CPU.Build.0 = Release|Any CPU
		{082A7794-6BDA-4453-BAC1-145EA1556598}.Debug|Any CPU.ActiveCfg = Debug|Any CPU
		{082A7794-6BDA-4453-BAC1-145EA1556598}.Debug|Any CPU.Build.0 = Debug|Any CPU
		{082A7794-6BDA-4453-BAC1-145EA1556598}.Release|Any CPU.ActiveCfg = Release|Any CPU
		{082A7794-6BDA-4453-BAC1-145EA1556598}.Release|Any CPU.Build.0 = Release|Any CPU
		{B1528E40-DB6B-4E16-8F6C-C9367A2694C3}.Debug|Any CPU.ActiveCfg = Debug|Any CPU
		{B1528E40-DB6B-4E16-8F6C-C9367A2694C3}.Debug|Any CPU.Build.0 = Debug|Any CPU
		{B1528E40-DB6B-4E16-8F6C-C9367A2694C3}.Release|Any CPU.ActiveCfg = Release|Any CPU
		{B1528E40-DB6B-4E16-8F6C-C9367A2694C3}.Release|Any CPU.Build.0 = Release|Any CPU
		{46BF1B40-1F0A-4D0E-AB92-3E8CE1418F1A}.Debug|Any CPU.ActiveCfg = Debug|Any CPU
		{46BF1B40-1F0A-4D0E-AB92-3E8CE1418F1A}.Debug|Any CPU.Build.0 = Debug|Any CPU
		{46BF1B40-1F0A-4D0E-AB92-3E8CE1418F1A}.Release|Any CPU.ActiveCfg = Release|Any CPU
		{46BF1B40-1F0A-4D0E-AB92-3E8CE1418F1A}.Release|Any CPU.Build.0 = Release|Any CPU
		{A902BBC2-0EC9-4727-BAF3-06346E3626F6}.Debug|Any CPU.ActiveCfg = Debug|Any CPU
		{A902BBC2-0EC9-4727-BAF3-06346E3626F6}.Debug|Any CPU.Build.0 = Debug|Any CPU
		{A902BBC2-0EC9-4727-BAF3-06346E3626F6}.Release|Any CPU.ActiveCfg = Release|Any CPU
		{A902BBC2-0EC9-4727-BAF3-06346E3626F6}.Release|Any CPU.Build.0 = Release|Any CPU
	EndGlobalSection
	GlobalSection(SolutionProperties) = preSolution
		HideSolutionNode = FALSE
	EndGlobalSection
	GlobalSection(NestedProjects) = preSolution
		{ABAE828D-C023-4220-B1E6-A2B37F0F9A7D} = {2CA36379-35F8-4229-9924-BFB8201362D1}
		{5D3A3491-1588-4701-BEA8-6F6E3CC704D0} = {2CA36379-35F8-4229-9924-BFB8201362D1}
		{A6F4A71F-27CF-4B80-8945-CC2752B774D4} = {2CA36379-35F8-4229-9924-BFB8201362D1}
		{543FADC3-0434-4946-9EBB-471057CA3164} = {2CA36379-35F8-4229-9924-BFB8201362D1}
		{651D6772-150D-4116-B99F-56751D40461F} = {2CA36379-35F8-4229-9924-BFB8201362D1}
		{54AF60B9-7AD8-4459-9720-45493AF90A94} = {2CA36379-35F8-4229-9924-BFB8201362D1}
		{1C0C7CF2-9C68-487E-A4DA-C286AC697920} = {2CA36379-35F8-4229-9924-BFB8201362D1}
		{0F2A32CE-25AC-4691-8720-DB055CCA7B12} = {2CA36379-35F8-4229-9924-BFB8201362D1}
		{406490F0-7053-4F81-B003-C2D54192F54E} = {5802EAA7-DA20-4075-85F9-64CD8F96EF8D}
		{C6C1B3AB-C7EA-46A1-B522-7594645AEE45} = {2CA36379-35F8-4229-9924-BFB8201362D1}
		{980797B1-DC9B-44CD-9008-B23A5FACE39B} = {2CA36379-35F8-4229-9924-BFB8201362D1}
		{5D3BC1C6-B54C-43F1-BB6A-40C2F145FA3C} = {4E345794-B800-44B1-8B50-0BB3D067FB3B}
		{5D194667-DC7D-48E9-8D26-D6E9DA719C4E} = {4E345794-B800-44B1-8B50-0BB3D067FB3B}
		{ED072A12-281D-48A9-8848-C4ACD5D216CC} = {4E345794-B800-44B1-8B50-0BB3D067FB3B}
		{348BB336-877E-4484-BF8B-13AAE671C238} = {4E345794-B800-44B1-8B50-0BB3D067FB3B}
		{4912AB12-0DA1-4CD6-9DE6-F05EB874E58D} = {4E345794-B800-44B1-8B50-0BB3D067FB3B}
		{0C862163-1470-4B10-8F67-F25FB2150A18} = {4E345794-B800-44B1-8B50-0BB3D067FB3B}
		{650D8CFB-0F03-4B03-8C33-1FB1F4718BB8} = {9AAA9AB2-D398-4E49-AD4F-FD83BD3659CB}
		{AEE4B22B-3E5B-4356-9BA1-058913051EB0} = {5802EAA7-DA20-4075-85F9-64CD8F96EF8D}
		{7E189FFB-A924-449F-AF08-F59748849D00} = {5802EAA7-DA20-4075-85F9-64CD8F96EF8D}
		{DAA11781-F8BA-413E-A064-CD9FBD3374B7} = {5802EAA7-DA20-4075-85F9-64CD8F96EF8D}
		{082A7794-6BDA-4453-BAC1-145EA1556598} = {5802EAA7-DA20-4075-85F9-64CD8F96EF8D}
		{B1528E40-DB6B-4E16-8F6C-C9367A2694C3} = {5802EAA7-DA20-4075-85F9-64CD8F96EF8D}
		{46BF1B40-1F0A-4D0E-AB92-3E8CE1418F1A} = {2CA36379-35F8-4229-9924-BFB8201362D1}
		{A902BBC2-0EC9-4727-BAF3-06346E3626F6} = {2CA36379-35F8-4229-9924-BFB8201362D1}
	EndGlobalSection
	GlobalSection(ExtensibilityGlobals) = postSolution
		SolutionGuid = {BBD39498-1EF2-4078-8704-67980A50B49B}
	EndGlobalSection
EndGlobal
