
Microsoft Visual Studio Solution File, Format Version 12.00
# Visual Studio Version 16
VisualStudioVersion = 16.0.29102.190
MinimumVisualStudioVersion = 10.0.40219.1
Project("{9A19103F-16F7-4668-BE54-9A1E7A4F7556}") = "KubeMQ.SDK.csharp", "KubeMQ.SDK.csharp\KubeMQ.SDK.csharp.csproj", "{30088889-86B9-42C6-9C24-7CB9182D21B5}"
EndProject
Project("{2150E333-8FDC-42A3-9474-1A3956D46DE8}") = "Examples", "Examples", "{2CA36379-35F8-4229-9924-BFB8201362D1}"
EndProject
Project("{FAE04EC0-301F-11D3-BF4B-00C04F79EFBC}") = "Events", "Examples\PubSub\Events\Events\Events.csproj", "{46BF1B40-1F0A-4D0E-AB92-3E8CE1418F1A}"
EndProject
Project("{FAE04EC0-301F-11D3-BF4B-00C04F79EFBC}") = "EventsStore", "Examples\PubSub\EventsStore\EventsStore\EventsStore.csproj", "{A902BBC2-0EC9-4727-BAF3-06346E3626F6}"
EndProject
Project("{FAE04EC0-301F-11D3-BF4B-00C04F79EFBC}") = "Queues", "Examples\Queues\Queues.csproj", "{8E63469E-48C4-4666-B224-011DA5640416}"
EndProject
Project("{FAE04EC0-301F-11D3-BF4B-00C04F79EFBC}") = "Commands", "Examples\CQ\Commands\Commands.csproj", "{6CC9349C-50F3-46EA-9BFD-C4BC71FE8740}"
EndProject
Project("{FAE04EC0-301F-11D3-BF4B-00C04F79EFBC}") = "Queries", "Examples\CQ\Queries\Queries.csproj", "{225D68E1-728C-45B1-A27A-FBDF69649BF2}"
EndProject
Global
	GlobalSection(SolutionConfigurationPlatforms) = preSolution
		Debug|Any CPU = Debug|Any CPU
		Release|Any CPU = Release|Any CPU
	EndGlobalSection
	GlobalSection(ProjectConfigurationPlatforms) = postSolution
		{30088889-86B9-42C6-9C24-7CB9182D21B5}.Debug|Any CPU.ActiveCfg = Debug|Any CPU
		{30088889-86B9-42C6-9C24-7CB9182D21B5}.Debug|Any CPU.Build.0 = Debug|Any CPU
		{30088889-86B9-42C6-9C24-7CB9182D21B5}.Release|Any CPU.ActiveCfg = Release|Any CPU
		{30088889-86B9-42C6-9C24-7CB9182D21B5}.Release|Any CPU.Build.0 = Release|Any CPU
		{46BF1B40-1F0A-4D0E-AB92-3E8CE1418F1A}.Debug|Any CPU.ActiveCfg = Debug|Any CPU
		{46BF1B40-1F0A-4D0E-AB92-3E8CE1418F1A}.Debug|Any CPU.Build.0 = Debug|Any CPU
		{46BF1B40-1F0A-4D0E-AB92-3E8CE1418F1A}.Release|Any CPU.ActiveCfg = Release|Any CPU
		{46BF1B40-1F0A-4D0E-AB92-3E8CE1418F1A}.Release|Any CPU.Build.0 = Release|Any CPU
		{A902BBC2-0EC9-4727-BAF3-06346E3626F6}.Debug|Any CPU.ActiveCfg = Debug|Any CPU
		{A902BBC2-0EC9-4727-BAF3-06346E3626F6}.Debug|Any CPU.Build.0 = Debug|Any CPU
		{A902BBC2-0EC9-4727-BAF3-06346E3626F6}.Release|Any CPU.ActiveCfg = Release|Any CPU
		{A902BBC2-0EC9-4727-BAF3-06346E3626F6}.Release|Any CPU.Build.0 = Release|Any CPU
		{8E63469E-48C4-4666-B224-011DA5640416}.Debug|Any CPU.ActiveCfg = Debug|Any CPU
		{8E63469E-48C4-4666-B224-011DA5640416}.Debug|Any CPU.Build.0 = Debug|Any CPU
		{8E63469E-48C4-4666-B224-011DA5640416}.Release|Any CPU.ActiveCfg = Release|Any CPU
		{8E63469E-48C4-4666-B224-011DA5640416}.Release|Any CPU.Build.0 = Release|Any CPU
		{6CC9349C-50F3-46EA-9BFD-C4BC71FE8740}.Debug|Any CPU.ActiveCfg = Debug|Any CPU
		{6CC9349C-50F3-46EA-9BFD-C4BC71FE8740}.Debug|Any CPU.Build.0 = Debug|Any CPU
		{6CC9349C-50F3-46EA-9BFD-C4BC71FE8740}.Release|Any CPU.ActiveCfg = Release|Any CPU
		{6CC9349C-50F3-46EA-9BFD-C4BC71FE8740}.Release|Any CPU.Build.0 = Release|Any CPU
		{225D68E1-728C-45B1-A27A-FBDF69649BF2}.Debug|Any CPU.ActiveCfg = Debug|Any CPU
		{225D68E1-728C-45B1-A27A-FBDF69649BF2}.Debug|Any CPU.Build.0 = Debug|Any CPU
		{225D68E1-728C-45B1-A27A-FBDF69649BF2}.Release|Any CPU.ActiveCfg = Release|Any CPU
		{225D68E1-728C-45B1-A27A-FBDF69649BF2}.Release|Any CPU.Build.0 = Release|Any CPU
	EndGlobalSection
	GlobalSection(SolutionProperties) = preSolution
		HideSolutionNode = FALSE
	EndGlobalSection
	GlobalSection(NestedProjects) = preSolution
		{46BF1B40-1F0A-4D0E-AB92-3E8CE1418F1A} = {2CA36379-35F8-4229-9924-BFB8201362D1}
		{A902BBC2-0EC9-4727-BAF3-06346E3626F6} = {2CA36379-35F8-4229-9924-BFB8201362D1}
		{8E63469E-48C4-4666-B224-011DA5640416} = {2CA36379-35F8-4229-9924-BFB8201362D1}
		{6CC9349C-50F3-46EA-9BFD-C4BC71FE8740} = {2CA36379-35F8-4229-9924-BFB8201362D1}
		{225D68E1-728C-45B1-A27A-FBDF69649BF2} = {2CA36379-35F8-4229-9924-BFB8201362D1}
	EndGlobalSection
	GlobalSection(ExtensibilityGlobals) = postSolution
		SolutionGuid = {BBD39498-1EF2-4078-8704-67980A50B49B}
	EndGlobalSection
EndGlobal
